
Microsoft Visual Studio Solution File, Format Version 12.00
# Visual Studio Version 17
VisualStudioVersion = 17.11.35431.28
MinimumVisualStudioVersion = 10.0.40219.1
Project("{FAE04EC0-301F-11D3-BF4B-00C04F79EFBC}") = "AuthenticationMiddleware.SampleWebAPI", "src\AuthenticationMiddleware.SampleWebAPI\AuthenticationMiddleware.SampleWebAPI.csproj", "{1EC4741F-1A2A-40D4-824E-88B3638AA2EE}"
EndProject
Global
	GlobalSection(SolutionConfigurationPlatforms) = preSolution
		Debug|Any CPU = Debug|Any CPU
		Release|Any CPU = Release|Any CPU
	EndGlobalSection
	GlobalSection(ProjectConfigurationPlatforms) = postSolution
		{1EC4741F-1A2A-40D4-824E-88B3638AA2EE}.Debug|Any CPU.ActiveCfg = Debug|Any CPU
		{1EC4741F-1A2A-40D4-824E-88B3638AA2EE}.Debug|Any CPU.Build.0 = Debug|Any CPU
		{1EC4741F-1A2A-40D4-824E-88B3638AA2EE}.Release|Any CPU.ActiveCfg = Release|Any CPU
		{1EC4741F-1A2A-40D4-824E-88B3638AA2EE}.Release|Any CPU.Build.0 = Release|Any CPU
	EndGlobalSection
	GlobalSection(SolutionProperties) = preSolution
		HideSolutionNode = FALSE
	EndGlobalSection
	GlobalSection(ExtensibilityGlobals) = postSolution
		SolutionGuid = {714B634C-66C6-406D-9BBC-F00A4AEBEEF7}
	EndGlobalSection
EndGlobal
